
Microsoft Visual Studio Solution File, Format Version 12.00
# Visual Studio Version 17
VisualStudioVersion = 17.10.34928.147
MinimumVisualStudioVersion = 10.0.40219.1
Project("{FAE04EC0-301F-11D3-BF4B-00C04F79EFBC}") = "FridaReads.Server", "FridaReads.Server\FridaReads.Server.csproj", "{F323A1F1-CC52-4836-B57E-B4BA66BA6EC3}"
EndProject
Project("{54A90642-561A-4BB1-A94E-469ADEE60C69}") = "fridareads.client", "fridareads.client\fridareads.client.esproj", "{84D68CF4-B0BF-4A50-A9E0-A2296A5CE139}"
EndProject
Global
	GlobalSection(SolutionConfigurationPlatforms) = preSolution
		Debug|Any CPU = Debug|Any CPU
		Release|Any CPU = Release|Any CPU
	EndGlobalSection
	GlobalSection(ProjectConfigurationPlatforms) = postSolution
		{F323A1F1-CC52-4836-B57E-B4BA66BA6EC3}.Debug|Any CPU.ActiveCfg = Debug|Any CPU
		{F323A1F1-CC52-4836-B57E-B4BA66BA6EC3}.Debug|Any CPU.Build.0 = Debug|Any CPU
		{F323A1F1-CC52-4836-B57E-B4BA66BA6EC3}.Release|Any CPU.ActiveCfg = Release|Any CPU
		{F323A1F1-CC52-4836-B57E-B4BA66BA6EC3}.Release|Any CPU.Build.0 = Release|Any CPU
		{84D68CF4-B0BF-4A50-A9E0-A2296A5CE139}.Debug|Any CPU.ActiveCfg = Debug|Any CPU
		{84D68CF4-B0BF-4A50-A9E0-A2296A5CE139}.Debug|Any CPU.Build.0 = Debug|Any CPU
		{84D68CF4-B0BF-4A50-A9E0-A2296A5CE139}.Debug|Any CPU.Deploy.0 = Debug|Any CPU
		{84D68CF4-B0BF-4A50-A9E0-A2296A5CE139}.Release|Any CPU.ActiveCfg = Release|Any CPU
		{84D68CF4-B0BF-4A50-A9E0-A2296A5CE139}.Release|Any CPU.Build.0 = Release|Any CPU
		{84D68CF4-B0BF-4A50-A9E0-A2296A5CE139}.Release|Any CPU.Deploy.0 = Release|Any CPU
	EndGlobalSection
	GlobalSection(SolutionProperties) = preSolution
		HideSolutionNode = FALSE
	EndGlobalSection
	GlobalSection(ExtensibilityGlobals) = postSolution
		SolutionGuid = {B1F09A5E-3AE2-4F7F-81D2-75625D677C25}
	EndGlobalSection
EndGlobal
